{
  "object": {
    "pins": [
      {
        "package": "Alamofire",
        "repositoryURL": "https://github.com/Alamofire/Alamofire.git",
        "state": {
          "branch": null,
          "revision": "bc268c28fb170f494de9e9927c371b8342979ece",
          "version": "5.7.1"
        }
      },
      {
        "package": "Fuzi",
        "repositoryURL": "https://github.com/TwidereProject/Fuzi.git",
        "state": {
          "branch": "feature/raw-dump",
          "revision": "e4d2d9ecc4a14b48db08ce833742049ad9fade6d",
          "version": null
        }
      },
      {
        "package": "SDWebImage",
        "repositoryURL": "https://github.com/SDWebImage/SDWebImage.git",
        "state": {
          "branch": null,
          "revision": "633996a807442ec28df9d33b0f88ce57a0e2fdbf",
          "version": "5.17.0"
        }
      },
      {
        "package": "SwiftSoup",
        "repositoryURL": "https://github.com/scinfu/SwiftSoup.git",
        "state": {
          "branch": null,
          "revision": "8b6cf29eead8841a1fa7822481cb3af4ddaadba6",
          "version": "2.6.1"
        }
      },
      {
        "package": "swiftui-introspect",
        "repositoryURL": "https://github.com/siteline/SwiftUI-Introspect.git",
        "state": {
          "branch": null,
          "revision": "ccb973cfff703cba53fb88197413485c060eb26b",
          "version": "0.10.0"
        }
      }
    ]
  },
  "version": 1
}
