{
  "pins" : [
    {
      "identity" : "fuzi",
      "kind" : "remoteSourceControl",
      "location" : "https://github.com/DimensionDev/Fuzi.git",
      "state" : {
        "revision" : "cde72d91c5ad2e4d589f8fa710bd598c9b6a84c8",
        "version" : "3.2.0"
      }
    },
    {
      "identity" : "sdwebimage",
      "kind" : "remoteSourceControl",
      "location" : "https://github.com/SDWebImage/SDWebImage.git",
      "state" : {
        "revision" : "10d06f6a33bafae8c164fbfd1f03391f6d4692b3",
        "version" : "5.20.0"
      }
    },
    {
      "identity" : "twitter-text",
      "kind" : "remoteSourceControl",
      "location" : "https://github.com/TwidereProject/twitter-text.git",
      "state" : {
        "revision" : "aaa067a823a61f27780692a836ec78fd0c0706fc",
        "version" : "0.0.4"
      }
    },
    {
      "identity" : "unicodeurl",
      "kind" : "remoteSourceControl",
      "location" : "https://github.com/nysander/UnicodeURL.git",
      "state" : {
        "revision" : "fe15c8b585c2e6d22dfe81da899183e6aa376a93",
        "version" : "0.1.0"
      }
    }
  ],
  "version" : 2
}
