// !$*UTF8*$!
{
	archiveVersion = 1;
	classes = {
	};
	objectVersion = 52;
	objects = {

/* Begin PBXBuildFile section */
		DB1A04AC2A690C6800B65ECA /* UIViewPreview.swift in Sources */ = {isa = PBXBuildFile; fileRef = DB1A04AB2A690C6800B65ECA /* UIViewPreview.swift */; };
		DB1A04AF2A690E7700B65ECA /* MetaTextViewPreviewCell.swift in Sources */ = {isa = PBXBuildFile; fileRef = DB1A04AE2A690E7700B65ECA /* MetaTextViewPreviewCell.swift */; };
		DB1A04B32A69293800B65ECA /* MetaTextViewRepresentable.swift in Sources */ = {isa = PBXBuildFile; fileRef = DB1A04B22A69293800B65ECA /* MetaTextViewRepresentable.swift */; };
		DB1A04B52A69295D00B65ECA /* NSLayoutConstraint.swift in Sources */ = {isa = PBXBuildFile; fileRef = DB1A04B42A69295D00B65ECA /* NSLayoutConstraint.swift */; };
		DB1A04B72A69299000B65ECA /* PlaintextMetaContent.swift in Sources */ = {isa = PBXBuildFile; fileRef = DB1A04B62A69299000B65ECA /* PlaintextMetaContent.swift */; };
		DB1A04BA2A692A3F00B65ECA /* ViewLayoutFrame.swift in Sources */ = {isa = PBXBuildFile; fileRef = DB1A04B92A692A3F00B65ECA /* ViewLayoutFrame.swift */; };
		DB1A04BC2A693C6C00B65ECA /* PreviewViewController.swift in Sources */ = {isa = PBXBuildFile; fileRef = DB1A04BB2A693C6C00B65ECA /* PreviewViewController.swift */; };
		DB1A04BE2A693CFC00B65ECA /* PreviewContainer.swift in Sources */ = {isa = PBXBuildFile; fileRef = DB1A04BD2A693CFC00B65ECA /* PreviewContainer.swift */; };
		DB1A04C62A6FAFD200B65ECA /* SwiftUIIntrospect in Frameworks */ = {isa = PBXBuildFile; productRef = DB1A04C52A6FAFD200B65ECA /* SwiftUIIntrospect */; };
		DB394CC62A70F35700B77E91 /* TestPlan.xctestplan in Resources */ = {isa = PBXBuildFile; fileRef = DB394CC52A70F35700B77E91 /* TestPlan.xctestplan */; };
		DB585016269D6312006CB091 /* TwitterStatusViewController.swift in Sources */ = {isa = PBXBuildFile; fileRef = DB585015269D6312006CB091 /* TwitterStatusViewController.swift */; };
		DB77FF6A2842B57B00182A0B /* MetaTextKit in Frameworks */ = {isa = PBXBuildFile; productRef = DB77FF692842B57B00182A0B /* MetaTextKit */; };
		DB837011266E1730005CE2A1 /* AppDelegate.swift in Sources */ = {isa = PBXBuildFile; fileRef = DB837010266E1730005CE2A1 /* AppDelegate.swift */; };
		DB837013266E1730005CE2A1 /* SceneDelegate.swift in Sources */ = {isa = PBXBuildFile; fileRef = DB837012266E1730005CE2A1 /* SceneDelegate.swift */; };
		DB837018266E1730005CE2A1 /* Main.storyboard in Resources */ = {isa = PBXBuildFile; fileRef = DB837016266E1730005CE2A1 /* Main.storyboard */; };
		DB83701A266E1732005CE2A1 /* Assets.xcassets in Resources */ = {isa = PBXBuildFile; fileRef = DB837019266E1732005CE2A1 /* Assets.xcassets */; };
		DB83701D266E1732005CE2A1 /* LaunchScreen.storyboard in Resources */ = {isa = PBXBuildFile; fileRef = DB83701B266E1732005CE2A1 /* LaunchScreen.storyboard */; };
		DB83702B266E1E8F005CE2A1 /* TabBarController.swift in Sources */ = {isa = PBXBuildFile; fileRef = DB83702A266E1E8F005CE2A1 /* TabBarController.swift */; };
		DBA4605E268630B0004E094B /* MastodonStatusViewController.swift in Sources */ = {isa = PBXBuildFile; fileRef = DBA4605D268630B0004E094B /* MastodonStatusViewController.swift */; };
		F8B964941D76B076507665B1 /* Pods_iOS_Example.framework in Frameworks */ = {isa = PBXBuildFile; fileRef = BAD19EE75CEEA66BEE085A2E /* Pods_iOS_Example.framework */; };
/* End PBXBuildFile section */

/* Begin PBXFileReference section */
		9CAF45C0D37785EFEF6B09CD /* Pods-iOS Example.release.xcconfig */ = {isa = PBXFileReference; includeInIndex = 1; lastKnownFileType = text.xcconfig; name = "Pods-iOS Example.release.xcconfig"; path = "Target Support Files/Pods-iOS Example/Pods-iOS Example.release.xcconfig"; sourceTree = "<group>"; };
		BAD19EE75CEEA66BEE085A2E /* Pods_iOS_Example.framework */ = {isa = PBXFileReference; explicitFileType = wrapper.framework; includeInIndex = 0; path = Pods_iOS_Example.framework; sourceTree = BUILT_PRODUCTS_DIR; };
		DB1A04AB2A690C6800B65ECA /* UIViewPreview.swift */ = {isa = PBXFileReference; lastKnownFileType = sourcecode.swift; path = UIViewPreview.swift; sourceTree = "<group>"; };
		DB1A04AE2A690E7700B65ECA /* MetaTextViewPreviewCell.swift */ = {isa = PBXFileReference; lastKnownFileType = sourcecode.swift; path = MetaTextViewPreviewCell.swift; sourceTree = "<group>"; };
		DB1A04B22A69293800B65ECA /* MetaTextViewRepresentable.swift */ = {isa = PBXFileReference; lastKnownFileType = sourcecode.swift; path = MetaTextViewRepresentable.swift; sourceTree = "<group>"; };
		DB1A04B42A69295D00B65ECA /* NSLayoutConstraint.swift */ = {isa = PBXFileReference; lastKnownFileType = sourcecode.swift; path = NSLayoutConstraint.swift; sourceTree = "<group>"; };
		DB1A04B62A69299000B65ECA /* PlaintextMetaContent.swift */ = {isa = PBXFileReference; lastKnownFileType = sourcecode.swift; path = PlaintextMetaContent.swift; sourceTree = "<group>"; };
		DB1A04B92A692A3F00B65ECA /* ViewLayoutFrame.swift */ = {isa = PBXFileReference; fileEncoding = 4; lastKnownFileType = sourcecode.swift; path = ViewLayoutFrame.swift; sourceTree = "<group>"; };
		DB1A04BB2A693C6C00B65ECA /* PreviewViewController.swift */ = {isa = PBXFileReference; lastKnownFileType = sourcecode.swift; path = PreviewViewController.swift; sourceTree = "<group>"; };
		DB1A04BD2A693CFC00B65ECA /* PreviewContainer.swift */ = {isa = PBXFileReference; lastKnownFileType = sourcecode.swift; path = PreviewContainer.swift; sourceTree = "<group>"; };
		DB394CC52A70F35700B77E91 /* TestPlan.xctestplan */ = {isa = PBXFileReference; fileEncoding = 4; lastKnownFileType = text; path = TestPlan.xctestplan; sourceTree = "<group>"; };
		DB585015269D6312006CB091 /* TwitterStatusViewController.swift */ = {isa = PBXFileReference; lastKnownFileType = sourcecode.swift; path = TwitterStatusViewController.swift; sourceTree = "<group>"; };
		DB83700D266E1730005CE2A1 /* iOS Example.app */ = {isa = PBXFileReference; explicitFileType = wrapper.application; includeInIndex = 0; path = "iOS Example.app"; sourceTree = BUILT_PRODUCTS_DIR; };
		DB837010266E1730005CE2A1 /* AppDelegate.swift */ = {isa = PBXFileReference; lastKnownFileType = sourcecode.swift; path = AppDelegate.swift; sourceTree = "<group>"; };
		DB837012266E1730005CE2A1 /* SceneDelegate.swift */ = {isa = PBXFileReference; lastKnownFileType = sourcecode.swift; path = SceneDelegate.swift; sourceTree = "<group>"; };
		DB837017266E1730005CE2A1 /* Base */ = {isa = PBXFileReference; lastKnownFileType = file.storyboard; name = Base; path = Base.lproj/Main.storyboard; sourceTree = "<group>"; };
		DB837019266E1732005CE2A1 /* Assets.xcassets */ = {isa = PBXFileReference; lastKnownFileType = folder.assetcatalog; path = Assets.xcassets; sourceTree = "<group>"; };
		DB83701C266E1732005CE2A1 /* Base */ = {isa = PBXFileReference; lastKnownFileType = file.storyboard; name = Base; path = Base.lproj/LaunchScreen.storyboard; sourceTree = "<group>"; };
		DB83701E266E1732005CE2A1 /* Info.plist */ = {isa = PBXFileReference; lastKnownFileType = text.plist.xml; path = Info.plist; sourceTree = "<group>"; };
		DB837024266E173D005CE2A1 /* MetaTextView */ = {isa = PBXFileReference; lastKnownFileType = folder; name = MetaTextView; path = ..; sourceTree = "<group>"; };
		DB83702A266E1E8F005CE2A1 /* TabBarController.swift */ = {isa = PBXFileReference; lastKnownFileType = sourcecode.swift; path = TabBarController.swift; sourceTree = "<group>"; };
		DBA4605D268630B0004E094B /* MastodonStatusViewController.swift */ = {isa = PBXFileReference; fileEncoding = 4; lastKnownFileType = sourcecode.swift; path = MastodonStatusViewController.swift; sourceTree = "<group>"; };
		FDEB70A05015EE4012417F18 /* Pods-iOS Example.debug.xcconfig */ = {isa = PBXFileReference; includeInIndex = 1; lastKnownFileType = text.xcconfig; name = "Pods-iOS Example.debug.xcconfig"; path = "Target Support Files/Pods-iOS Example/Pods-iOS Example.debug.xcconfig"; sourceTree = "<group>"; };
/* End PBXFileReference section */

/* Begin PBXFrameworksBuildPhase section */
		DB83700A266E1730005CE2A1 /* Frameworks */ = {
			isa = PBXFrameworksBuildPhase;
			buildActionMask = 2147483647;
			files = (
				DB1A04C62A6FAFD200B65ECA /* SwiftUIIntrospect in Frameworks */,
				F8B964941D76B076507665B1 /* Pods_iOS_Example.framework in Frameworks */,
				DB77FF6A2842B57B00182A0B /* MetaTextKit in Frameworks */,
			);
			runOnlyForDeploymentPostprocessing = 0;
		};
/* End PBXFrameworksBuildPhase section */

/* Begin PBXGroup section */
		6CA08078843A6AB0C850ADFE /* Pods */ = {
			isa = PBXGroup;
			children = (
				FDEB70A05015EE4012417F18 /* Pods-iOS Example.debug.xcconfig */,
				9CAF45C0D37785EFEF6B09CD /* Pods-iOS Example.release.xcconfig */,
			);
			path = Pods;
			sourceTree = "<group>";
		};
		DB1A04AA2A690B3600B65ECA /* Cell */ = {
			isa = PBXGroup;
			children = (
				DB1A04AE2A690E7700B65ECA /* MetaTextViewPreviewCell.swift */,
			);
			path = Cell;
			sourceTree = "<group>";
		};
		DB1A04AD2A690C6C00B65ECA /* Preview */ = {
			isa = PBXGroup;
			children = (
				DB1A04AA2A690B3600B65ECA /* Cell */,
				DB1A04BD2A693CFC00B65ECA /* PreviewContainer.swift */,
				DB1A04BB2A693C6C00B65ECA /* PreviewViewController.swift */,
			);
			path = Preview;
			sourceTree = "<group>";
		};
		DB1A04B82A692A2600B65ECA /* Vendor */ = {
			isa = PBXGroup;
			children = (
				DB1A04AB2A690C6800B65ECA /* UIViewPreview.swift */,
				DB1A04B22A69293800B65ECA /* MetaTextViewRepresentable.swift */,
				DB1A04B92A692A3F00B65ECA /* ViewLayoutFrame.swift */,
				DB1A04B42A69295D00B65ECA /* NSLayoutConstraint.swift */,
				DB1A04B62A69299000B65ECA /* PlaintextMetaContent.swift */,
			);
			path = Vendor;
			sourceTree = "<group>";
		};
		DB837004266E1730005CE2A1 = {
			isa = PBXGroup;
			children = (
				DB837024266E173D005CE2A1 /* MetaTextView */,
				DB83700F266E1730005CE2A1 /* iOS Example */,
				DB83700E266E1730005CE2A1 /* Products */,
				DB837025266E189A005CE2A1 /* Frameworks */,
				6CA08078843A6AB0C850ADFE /* Pods */,
			);
			sourceTree = "<group>";
		};
		DB83700E266E1730005CE2A1 /* Products */ = {
			isa = PBXGroup;
			children = (
				DB83700D266E1730005CE2A1 /* iOS Example.app */,
			);
			name = Products;
			sourceTree = "<group>";
		};
		DB83700F266E1730005CE2A1 /* iOS Example */ = {
			isa = PBXGroup;
			children = (
				DB394CC52A70F35700B77E91 /* TestPlan.xctestplan */,
				DB1A04B82A692A2600B65ECA /* Vendor */,
				DB1A04AD2A690C6C00B65ECA /* Preview */,
				DB837010266E1730005CE2A1 /* AppDelegate.swift */,
				DB837012266E1730005CE2A1 /* SceneDelegate.swift */,
				DB83702A266E1E8F005CE2A1 /* TabBarController.swift */,
				DBA4605D268630B0004E094B /* MastodonStatusViewController.swift */,
				DB585015269D6312006CB091 /* TwitterStatusViewController.swift */,
				DB837019266E1732005CE2A1 /* Assets.xcassets */,
				DB837016266E1730005CE2A1 /* Main.storyboard */,
				DB83701B266E1732005CE2A1 /* LaunchScreen.storyboard */,
				DB83701E266E1732005CE2A1 /* Info.plist */,
			);
			path = "iOS Example";
			sourceTree = "<group>";
		};
		DB837025266E189A005CE2A1 /* Frameworks */ = {
			isa = PBXGroup;
			children = (
				BAD19EE75CEEA66BEE085A2E /* Pods_iOS_Example.framework */,
			);
			name = Frameworks;
			sourceTree = "<group>";
		};
/* End PBXGroup section */

/* Begin PBXNativeTarget section */
		DB83700C266E1730005CE2A1 /* iOS Example */ = {
			isa = PBXNativeTarget;
			buildConfigurationList = DB837021266E1732005CE2A1 /* Build configuration list for PBXNativeTarget "iOS Example" */;
			buildPhases = (
				4FAC6AB48F48649429BB1B4A /* [CP] Check Pods Manifest.lock */,
				DB837009266E1730005CE2A1 /* Sources */,
				DB83700A266E1730005CE2A1 /* Frameworks */,
				DB83700B266E1730005CE2A1 /* Resources */,
				B352E080C3C66E13D7FA1275 /* [CP] Embed Pods Frameworks */,
			);
			buildRules = (
			);
			dependencies = (
			);
			name = "iOS Example";
			packageProductDependencies = (
				DB77FF692842B57B00182A0B /* MetaTextKit */,
				DB1A04C52A6FAFD200B65ECA /* SwiftUIIntrospect */,
			);
			productName = "iOS Example";
			productReference = DB83700D266E1730005CE2A1 /* iOS Example.app */;
			productType = "com.apple.product-type.application";
		};
/* End PBXNativeTarget section */

/* Begin PBXProject section */
		DB837005266E1730005CE2A1 /* Project object */ = {
			isa = PBXProject;
			attributes = {
				LastSwiftUpdateCheck = 1250;
				LastUpgradeCheck = 1250;
				TargetAttributes = {
					DB83700C266E1730005CE2A1 = {
						CreatedOnToolsVersion = 12.5;
					};
				};
			};
			buildConfigurationList = DB837008266E1730005CE2A1 /* Build configuration list for PBXProject "iOS Example" */;
			compatibilityVersion = "Xcode 9.3";
			developmentRegion = en;
			hasScannedForEncodings = 0;
			knownRegions = (
				en,
				Base,
			);
			mainGroup = DB837004266E1730005CE2A1;
			packageReferences = (
				DB1A04C42A6FAFD200B65ECA /* XCRemoteSwiftPackageReference "SwiftUI-Introspect" */,
			);
			productRefGroup = DB83700E266E1730005CE2A1 /* Products */;
			projectDirPath = "";
			projectRoot = "";
			targets = (
				DB83700C266E1730005CE2A1 /* iOS Example */,
			);
		};
/* End PBXProject section */

/* Begin PBXResourcesBuildPhase section */
		DB83700B266E1730005CE2A1 /* Resources */ = {
			isa = PBXResourcesBuildPhase;
			buildActionMask = 2147483647;
			files = (
				DB83701D266E1732005CE2A1 /* LaunchScreen.storyboard in Resources */,
				DB83701A266E1732005CE2A1 /* Assets.xcassets in Resources */,
				DB394CC62A70F35700B77E91 /* TestPlan.xctestplan in Resources */,
				DB837018266E1730005CE2A1 /* Main.storyboard in Resources */,
			);
			runOnlyForDeploymentPostprocessing = 0;
		};
/* End PBXResourcesBuildPhase section */

/* Begin PBXShellScriptBuildPhase section */
		4FAC6AB48F48649429BB1B4A /* [CP] Check Pods Manifest.lock */ = {
			isa = PBXShellScriptBuildPhase;
			buildActionMask = 2147483647;
			files = (
			);
			inputFileListPaths = (
			);
			inputPaths = (
				"${PODS_PODFILE_DIR_PATH}/Podfile.lock",
				"${PODS_ROOT}/Manifest.lock",
			);
			name = "[CP] Check Pods Manifest.lock";
			outputFileListPaths = (
			);
			outputPaths = (
				"$(DERIVED_FILE_DIR)/Pods-iOS Example-checkManifestLockResult.txt",
			);
			runOnlyForDeploymentPostprocessing = 0;
			shellPath = /bin/sh;
			shellScript = "diff \"${PODS_PODFILE_DIR_PATH}/Podfile.lock\" \"${PODS_ROOT}/Manifest.lock\" > /dev/null\nif [ $? != 0 ] ; then\n    # print error to STDERR\n    echo \"error: The sandbox is not in sync with the Podfile.lock. Run 'pod install' or update your CocoaPods installation.\" >&2\n    exit 1\nfi\n# This output is used by Xcode 'outputs' to avoid re-running this script phase.\necho \"SUCCESS\" > \"${SCRIPT_OUTPUT_FILE_0}\"\n";
			showEnvVarsInLog = 0;
		};
		B352E080C3C66E13D7FA1275 /* [CP] Embed Pods Frameworks */ = {
			isa = PBXShellScriptBuildPhase;
			buildActionMask = 2147483647;
			files = (
			);
			inputFileListPaths = (
				"${PODS_ROOT}/Target Support Files/Pods-iOS Example/Pods-iOS Example-frameworks-${CONFIGURATION}-input-files.xcfilelist",
			);
			name = "[CP] Embed Pods Frameworks";
			outputFileListPaths = (
				"${PODS_ROOT}/Target Support Files/Pods-iOS Example/Pods-iOS Example-frameworks-${CONFIGURATION}-output-files.xcfilelist",
			);
			runOnlyForDeploymentPostprocessing = 0;
			shellPath = /bin/sh;
			shellScript = "\"${PODS_ROOT}/Target Support Files/Pods-iOS Example/Pods-iOS Example-frameworks.sh\"\n";
			showEnvVarsInLog = 0;
		};
/* End PBXShellScriptBuildPhase section */

/* Begin PBXSourcesBuildPhase section */
		DB837009266E1730005CE2A1 /* Sources */ = {
			isa = PBXSourcesBuildPhase;
			buildActionMask = 2147483647;
			files = (
				DB1A04B72A69299000B65ECA /* PlaintextMetaContent.swift in Sources */,
				DB585016269D6312006CB091 /* TwitterStatusViewController.swift in Sources */,
				DB1A04AF2A690E7700B65ECA /* MetaTextViewPreviewCell.swift in Sources */,
				DB83702B266E1E8F005CE2A1 /* TabBarController.swift in Sources */,
				DBA4605E268630B0004E094B /* MastodonStatusViewController.swift in Sources */,
				DB837011266E1730005CE2A1 /* AppDelegate.swift in Sources */,
				DB1A04AC2A690C6800B65ECA /* UIViewPreview.swift in Sources */,
				DB837013266E1730005CE2A1 /* SceneDelegate.swift in Sources */,
				DB1A04BA2A692A3F00B65ECA /* ViewLayoutFrame.swift in Sources */,
				DB1A04B32A69293800B65ECA /* MetaTextViewRepresentable.swift in Sources */,
				DB1A04BC2A693C6C00B65ECA /* PreviewViewController.swift in Sources */,
				DB1A04BE2A693CFC00B65ECA /* PreviewContainer.swift in Sources */,
				DB1A04B52A69295D00B65ECA /* NSLayoutConstraint.swift in Sources */,
			);
			runOnlyForDeploymentPostprocessing = 0;
		};
/* End PBXSourcesBuildPhase section */

/* Begin PBXVariantGroup section */
		DB837016266E1730005CE2A1 /* Main.storyboard */ = {
			isa = PBXVariantGroup;
			children = (
				DB837017266E1730005CE2A1 /* Base */,
			);
			name = Main.storyboard;
			sourceTree = "<group>";
		};
		DB83701B266E1732005CE2A1 /* LaunchScreen.storyboard */ = {
			isa = PBXVariantGroup;
			children = (
				DB83701C266E1732005CE2A1 /* Base */,
			);
			name = LaunchScreen.storyboard;
			sourceTree = "<group>";
		};
/* End PBXVariantGroup section */

/* Begin XCBuildConfiguration section */
		DB83701F266E1732005CE2A1 /* Debug */ = {
			isa = XCBuildConfiguration;
			buildSettings = {
				ALWAYS_SEARCH_USER_PATHS = NO;
				CLANG_ANALYZER_NONNULL = YES;
				CLANG_ANALYZER_NUMBER_OBJECT_CONVERSION = YES_AGGRESSIVE;
				CLANG_CXX_LANGUAGE_STANDARD = "gnu++14";
				CLANG_CXX_LIBRARY = "libc++";
				CLANG_ENABLE_MODULES = YES;
				CLANG_ENABLE_OBJC_ARC = YES;
				CLANG_ENABLE_OBJC_WEAK = YES;
				CLANG_WARN_BLOCK_CAPTURE_AUTORELEASING = YES;
				CLANG_WARN_BOOL_CONVERSION = YES;
				CLANG_WARN_COMMA = YES;
				CLANG_WARN_CONSTANT_CONVERSION = YES;
				CLANG_WARN_DEPRECATED_OBJC_IMPLEMENTATIONS = YES;
				CLANG_WARN_DIRECT_OBJC_ISA_USAGE = YES_ERROR;
				CLANG_WARN_DOCUMENTATION_COMMENTS = YES;
				CLANG_WARN_EMPTY_BODY = YES;
				CLANG_WARN_ENUM_CONVERSION = YES;
				CLANG_WARN_INFINITE_RECURSION = YES;
				CLANG_WARN_INT_CONVERSION = YES;
				CLANG_WARN_NON_LITERAL_NULL_CONVERSION = YES;
				CLANG_WARN_OBJC_IMPLICIT_RETAIN_SELF = YES;
				CLANG_WARN_OBJC_LITERAL_CONVERSION = YES;
				CLANG_WARN_OBJC_ROOT_CLASS = YES_ERROR;
				CLANG_WARN_QUOTED_INCLUDE_IN_FRAMEWORK_HEADER = YES;
				CLANG_WARN_RANGE_LOOP_ANALYSIS = YES;
				CLANG_WARN_STRICT_PROTOTYPES = YES;
				CLANG_WARN_SUSPICIOUS_MOVE = YES;
				CLANG_WARN_UNGUARDED_AVAILABILITY = YES_AGGRESSIVE;
				CLANG_WARN_UNREACHABLE_CODE = YES;
				CLANG_WARN__DUPLICATE_METHOD_MATCH = YES;
				COPY_PHASE_STRIP = NO;
				DEBUG_INFORMATION_FORMAT = dwarf;
				ENABLE_STRICT_OBJC_MSGSEND = YES;
				ENABLE_TESTABILITY = YES;
				GCC_C_LANGUAGE_STANDARD = gnu11;
				GCC_DYNAMIC_NO_PIC = NO;
				GCC_NO_COMMON_BLOCKS = YES;
				GCC_OPTIMIZATION_LEVEL = 0;
				GCC_PREPROCESSOR_DEFINITIONS = (
					"DEBUG=1",
					"$(inherited)",
				);
				GCC_WARN_64_TO_32_BIT_CONVERSION = YES;
				GCC_WARN_ABOUT_RETURN_TYPE = YES_ERROR;
				GCC_WARN_UNDECLARED_SELECTOR = YES;
				GCC_WARN_UNINITIALIZED_AUTOS = YES_AGGRESSIVE;
				GCC_WARN_UNUSED_FUNCTION = YES;
				GCC_WARN_UNUSED_VARIABLE = YES;
				IPHONEOS_DEPLOYMENT_TARGET = 16.0;
				MTL_ENABLE_DEBUG_INFO = INCLUDE_SOURCE;
				MTL_FAST_MATH = YES;
				ONLY_ACTIVE_ARCH = YES;
				SDKROOT = iphoneos;
				SWIFT_ACTIVE_COMPILATION_CONDITIONS = DEBUG;
				SWIFT_OPTIMIZATION_LEVEL = "-Onone";
			};
			name = Debug;
		};
		DB837020266E1732005CE2A1 /* Release */ = {
			isa = XCBuildConfiguration;
			buildSettings = {
				ALWAYS_SEARCH_USER_PATHS = NO;
				CLANG_ANALYZER_NONNULL = YES;
				CLANG_ANALYZER_NUMBER_OBJECT_CONVERSION = YES_AGGRESSIVE;
				CLANG_CXX_LANGUAGE_STANDARD = "gnu++14";
				CLANG_CXX_LIBRARY = "libc++";
				CLANG_ENABLE_MODULES = YES;
				CLANG_ENABLE_OBJC_ARC = YES;
				CLANG_ENABLE_OBJC_WEAK = YES;
				CLANG_WARN_BLOCK_CAPTURE_AUTORELEASING = YES;
				CLANG_WARN_BOOL_CONVERSION = YES;
				CLANG_WARN_COMMA = YES;
				CLANG_WARN_CONSTANT_CONVERSION = YES;
				CLANG_WARN_DEPRECATED_OBJC_IMPLEMENTATIONS = YES;
				CLANG_WARN_DIRECT_OBJC_ISA_USAGE = YES_ERROR;
				CLANG_WARN_DOCUMENTATION_COMMENTS = YES;
				CLANG_WARN_EMPTY_BODY = YES;
				CLANG_WARN_ENUM_CONVERSION = YES;
				CLANG_WARN_INFINITE_RECURSION = YES;
				CLANG_WARN_INT_CONVERSION = YES;
				CLANG_WARN_NON_LITERAL_NULL_CONVERSION = YES;
				CLANG_WARN_OBJC_IMPLICIT_RETAIN_SELF = YES;
				CLANG_WARN_OBJC_LITERAL_CONVERSION = YES;
				CLANG_WARN_OBJC_ROOT_CLASS = YES_ERROR;
				CLANG_WARN_QUOTED_INCLUDE_IN_FRAMEWORK_HEADER = YES;
				CLANG_WARN_RANGE_LOOP_ANALYSIS = YES;
				CLANG_WARN_STRICT_PROTOTYPES = YES;
				CLANG_WARN_SUSPICIOUS_MOVE = YES;
				CLANG_WARN_UNGUARDED_AVAILABILITY = YES_AGGRESSIVE;
				CLANG_WARN_UNREACHABLE_CODE = YES;
				CLANG_WARN__DUPLICATE_METHOD_MATCH = YES;
				COPY_PHASE_STRIP = NO;
				DEBUG_INFORMATION_FORMAT = "dwarf-with-dsym";
				ENABLE_NS_ASSERTIONS = NO;
				ENABLE_STRICT_OBJC_MSGSEND = YES;
				GCC_C_LANGUAGE_STANDARD = gnu11;
				GCC_NO_COMMON_BLOCKS = YES;
				GCC_WARN_64_TO_32_BIT_CONVERSION = YES;
				GCC_WARN_ABOUT_RETURN_TYPE = YES_ERROR;
				GCC_WARN_UNDECLARED_SELECTOR = YES;
				GCC_WARN_UNINITIALIZED_AUTOS = YES_AGGRESSIVE;
				GCC_WARN_UNUSED_FUNCTION = YES;
				GCC_WARN_UNUSED_VARIABLE = YES;
				IPHONEOS_DEPLOYMENT_TARGET = 16.0;
				MTL_ENABLE_DEBUG_INFO = NO;
				MTL_FAST_MATH = YES;
				SDKROOT = iphoneos;
				SWIFT_COMPILATION_MODE = wholemodule;
				SWIFT_OPTIMIZATION_LEVEL = "-O";
				VALIDATE_PRODUCT = YES;
			};
			name = Release;
		};
		DB837022266E1732005CE2A1 /* Debug */ = {
			isa = XCBuildConfiguration;
			baseConfigurationReference = FDEB70A05015EE4012417F18 /* Pods-iOS Example.debug.xcconfig */;
			buildSettings = {
				ASSETCATALOG_COMPILER_APPICON_NAME = AppIcon;
				ASSETCATALOG_COMPILER_GLOBAL_ACCENT_COLOR_NAME = AccentColor;
				CODE_SIGN_STYLE = Automatic;
				DEVELOPMENT_TEAM = 7LFDZ96332;
				INFOPLIST_FILE = "iOS Example/Info.plist";
				LD_RUNPATH_SEARCH_PATHS = (
					"$(inherited)",
					"@executable_path/Frameworks",
				);
				PRODUCT_BUNDLE_IDENTIFIER = "com.mainasuk.iOS-Example";
				PRODUCT_NAME = "$(TARGET_NAME)";
				SWIFT_VERSION = 5.0;
				TARGETED_DEVICE_FAMILY = "1,2";
			};
			name = Debug;
		};
		DB837023266E1732005CE2A1 /* Release */ = {
			isa = XCBuildConfiguration;
			baseConfigurationReference = 9CAF45C0D37785EFEF6B09CD /* Pods-iOS Example.release.xcconfig */;
			buildSettings = {
				ASSETCATALOG_COMPILER_APPICON_NAME = AppIcon;
				ASSETCATALOG_COMPILER_GLOBAL_ACCENT_COLOR_NAME = AccentColor;
				CODE_SIGN_STYLE = Automatic;
				DEVELOPMENT_TEAM = 7LFDZ96332;
				INFOPLIST_FILE = "iOS Example/Info.plist";
				LD_RUNPATH_SEARCH_PATHS = (
					"$(inherited)",
					"@executable_path/Frameworks",
				);
				PRODUCT_BUNDLE_IDENTIFIER = "com.mainasuk.iOS-Example";
				PRODUCT_NAME = "$(TARGET_NAME)";
				SWIFT_VERSION = 5.0;
				TARGETED_DEVICE_FAMILY = "1,2";
			};
			name = Release;
		};
/* End XCBuildConfiguration section */

/* Begin XCConfigurationList section */
		DB837008266E1730005CE2A1 /* Build configuration list for PBXProject "iOS Example" */ = {
			isa = XCConfigurationList;
			buildConfigurations = (
				DB83701F266E1732005CE2A1 /* Debug */,
				DB837020266E1732005CE2A1 /* Release */,
			);
			defaultConfigurationIsVisible = 0;
			defaultConfigurationName = Release;
		};
		DB837021266E1732005CE2A1 /* Build configuration list for PBXNativeTarget "iOS Example" */ = {
			isa = XCConfigurationList;
			buildConfigurations = (
				DB837022266E1732005CE2A1 /* Debug */,
				DB837023266E1732005CE2A1 /* Release */,
			);
			defaultConfigurationIsVisible = 0;
			defaultConfigurationName = Release;
		};
/* End XCConfigurationList section */

/* Begin XCRemoteSwiftPackageReference section */
		DB1A04C42A6FAFD200B65ECA /* XCRemoteSwiftPackageReference "SwiftUI-Introspect" */ = {
			isa = XCRemoteSwiftPackageReference;
			repositoryURL = "https://github.com/siteline/SwiftUI-Introspect.git";
			requirement = {
				kind = upToNextMajorVersion;
				minimumVersion = 0.10.0;
			};
		};
/* End XCRemoteSwiftPackageReference section */

/* Begin XCSwiftPackageProductDependency section */
		DB1A04C52A6FAFD200B65ECA /* SwiftUIIntrospect */ = {
			isa = XCSwiftPackageProductDependency;
			package = DB1A04C42A6FAFD200B65ECA /* XCRemoteSwiftPackageReference "SwiftUI-Introspect" */;
			productName = SwiftUIIntrospect;
		};
		DB77FF692842B57B00182A0B /* MetaTextKit */ = {
			isa = XCSwiftPackageProductDependency;
			productName = MetaTextKit;
		};
/* End XCSwiftPackageProductDependency section */
	};
	rootObject = DB837005266E1730005CE2A1 /* Project object */;
}
